<?xml version="1.0" encoding="UTF-8" standalone="yes" ?>
<CodeBlocks_project_file>
	<FileVersion major="1" minor="6" />
	<Project>
		<Option title="assembler" />
		<Option pch_mode="2" />
		<Option compiler="gcc" />
		<Build>
			<Target title="Debug">
				<Option output="bin/Debug/assembler" prefix_auto="1" extension_auto="1" />
				<Option object_output="obj/Debug/" />
				<Option type="1" />
				<Option compiler="gcc" />
				<Compiler>
					<Add option="-g" />
					<Add directory="NumberConverters" />
					<Add directory="instructionHandler" />
				</Compiler>
			</Target>
			<Target title="Release">
				<Option output="bin/Release/assembler" prefix_auto="1" extension_auto="1" />
				<Option object_output="obj/Release/" />
				<Option type="1" />
				<Option compiler="gcc" />
				<Compiler>
					<Add option="-O2" />
					<Add directory="NumberConverters" />
					<Add directory="instructionHandler" />
				</Compiler>
				<Linker>
					<Add option="-s" />
				</Linker>
			</Target>
		</Build>
		<Compiler>
			<Add option="-Wall" />
			<Add option="-fexceptions" />
		</Compiler>
		<Unit filename="LocationCounter.cpp" />
		<Unit filename="LocationCounter.h" />
		<Unit filename="NumberConverters/NumberConverter.cpp" />
		<Unit filename="NumberConverters/NumberConverter.h" />
		<Unit filename="ObjectCodeGenerator/Constants.cpp" />
		<Unit filename="ObjectCodeGenerator/Constants.h" />
		<Unit filename="ObjectCodeGenerator/DirectiveObjectCodeGenerator.cpp" />
		<Unit filename="ObjectCodeGenerator/DirectiveObjectCodeGenerator.h" />
		<Unit filename="ObjectCodeGenerator/MemoryObjectCodeGenerator.cpp" />
		<Unit filename="ObjectCodeGenerator/MemoryObjectCodeGenerator.h" />
		<Unit filename="ObjectCodeGenerator/ObjectCodeGenerator.cpp" />
		<Unit filename="ObjectCodeGenerator/ObjectCodeGenerator.h" />
		<Unit filename="ObjectCodeGenerator/ObjectCodeGeneratorFactory.cpp" />
		<Unit filename="ObjectCodeGenerator/ObjectCodeGeneratorFactory.h" />
		<Unit filename="ObjectCodeGenerator/SimpleDirectiveObjectCodeGenerator.cpp" />
		<Unit filename="ObjectCodeGenerator/SimpleDirectiveObjectCodeGenerator.h" />
		<Unit filename="README.md" />
		<Unit filename="assembler.cbp" />
		<Unit filename="assembler.depend" />
		<Unit filename="assembler.layout" />
		<Unit filename="driver/AssemblerDriver.cpp" />
		<Unit filename="driver/AssemblerDriver.h" />
		<Unit filename="driver/StatementParser.cpp" />
		<Unit filename="driver/StatementParser.h" />
		<Unit filename="fileServices/FileHandler.cpp" />
		<Unit filename="fileServices/FileHandler.h" />
		<Unit filename="fileServices/FileReader.cpp" />
		<Unit filename="fileServices/FileReader.h" />
		<Unit filename="fileServices/FileWriter.cpp" />
		<Unit filename="fileServices/FileWriter.h" />
		<Unit filename="handlers/HandlerContext.cpp" />
		<Unit filename="handlers/HandlerContext.h" />
		<Unit filename="handlers/InstructionHandlerState.cpp" />
		<Unit filename="handlers/InstructionHandlerState.h" />
		<Unit filename="handlers/LabelHandlerState.cpp" />
		<Unit filename="handlers/LabelHandlerState.h" />
		<Unit filename="handlers/OperandHandlerState.cpp" />
		<Unit filename="handlers/OperandHandlerState.h" />
		<Unit filename="handlers/StateHandler.cpp" />
		<Unit filename="handlers/StateHandler.h" />
		<Unit filename="instructionHandler/DirectiveInstructionHandler.cpp" />
		<Unit filename="instructionHandler/DirectiveInstructionHandler.h" />
		<Unit filename="instructionHandler/InstructionHandler.cpp" />
		<Unit filename="instructionHandler/InstructionHandler.h" />
		<Unit filename="instructionHandler/InstructionHandlerConstants.h" />
		<Unit filename="instructionHandler/InstructionHandlerFactory.cpp" />
		<Unit filename="instructionHandler/InstructionHandlerFactory.h" />
		<Unit filename="instructionHandler/IntructionHandlerConstants.cpp" />
		<Unit filename="instructionHandler/MemoryInstructionHandler.cpp" />
		<Unit filename="instructionHandler/MemoryInstructionHandler.h" />
		<Unit filename="instructionHandler/SimpleDirectiveInstructionHandler.cpp" />
		<Unit filename="instructionHandler/SimpleDirectiveInstructionHandler.h" />
		<Unit filename="logger/Logger.cpp" />
		<Unit filename="logger/Logger.h" />
		<Unit filename="logger/LoggerConstants.cpp" />
		<Unit filename="logger/LoggerConstants.h" />
		<Unit filename="main.cpp" />
		<Unit filename="tables/InstructionTypeTable.cpp" />
		<Unit filename="tables/InstructionTypeTable.h" />
		<Unit filename="tables/OperationCodeTable.cpp" />
		<Unit filename="tables/OperationCodeTable.h" />
		<Unit filename="tables/SymbolTable.cpp" />
		<Unit filename="tables/SymbolTable.h" />
		<Unit filename="tables/instructionTypes.txt" />
		<Unit filename="utils/BaseRegister.cpp" />
		<Unit filename="utils/BaseRegister.h" />
		<Unit filename="utils/LabelVerifier.cpp" />
		<Unit filename="utils/LabelVerifier.h" />
		<Unit filename="utils/Normalizer.cpp" />
		<Unit filename="utils/Normalizer.h" />
		<Unit filename="utils/TablesLoader.cpp" />
		<Unit filename="utils/TablesLoader.h" />
		<Extensions>
			<code_completion />
			<envvars />
			<debugger />
		</Extensions>
	</Project>
</CodeBlocks_project_file>
