<?xml version="1.0" encoding="UTF-8" standalone="yes" ?>
<CodeBlocks_project_file>
	<FileVersion major="1" minor="6" />
	<Project>
		<Option title="assembler" />
		<Option pch_mode="2" />
		<Option compiler="gcc" />
		<Build>
			<Target title="Debug">
				<Option output="bin/Debug/assembler" prefix_auto="1" extension_auto="1" />
				<Option object_output="obj/Debug/" />
				<Option type="1" />
				<Option compiler="gcc" />
				<Compiler>
					<Add option="-g" />
					<Add directory="ObjectCodeGenerator" />
				</Compiler>
			</Target>
			<Target title="Release">
				<Option output="bin/Release/assembler" prefix_auto="1" extension_auto="1" />
				<Option object_output="obj/Release/" />
				<Option type="1" />
				<Option compiler="gcc" />
				<Compiler>
					<Add option="-O2" />
					<Add directory="ObjectCodeGenerator" />
				</Compiler>
				<Linker>
					<Add option="-s" />
				</Linker>
			</Target>
		</Build>
		<Compiler>
			<Add option="-Wall" />
			<Add option="-fexceptions" />
		</Compiler>
		<Unit filename="AssemblerDirective.cpp" />
		<Unit filename="AssemblerDirective.h" />
		<Unit filename="BaseRegister.cpp" />
		<Unit filename="BaseRegister.h" />
		<Unit filename="Class-Diagram.png" />
		<Unit filename="FileReader.cpp" />
		<Unit filename="FileReader.h" />
		<Unit filename="HandlerContext.cpp" />
		<Unit filename="HandlerContext.h" />
		<Unit filename="InstructionHandlerState.cpp" />
		<Unit filename="InstructionHandlerState.h" />
		<Unit filename="LabelHandlerState.cpp" />
		<Unit filename="LabelHandlerState.h" />
		<Unit filename="LocationCounter.cpp" />
		<Unit filename="LocationCounter.h" />
		<Unit filename="Normalizer.cpp" />
		<Unit filename="Normalizer.h" />
		<Unit filename="ObjectCodeGenerator/DirectiveObjectCodeGenerator.cpp" />
		<Unit filename="ObjectCodeGenerator/DirectiveObjectCodeGenerator.h" />
		<Unit filename="ObjectCodeGenerator/MemoryObjectCodeGenerator.cpp" />
		<Unit filename="ObjectCodeGenerator/MemoryObjectCodeGenerator.h" />
		<Unit filename="ObjectCodeGenerator/ObjectCodeGenerator.cpp" />
		<Unit filename="ObjectCodeGenerator/ObjectCodeGenerator.h" />
		<Unit filename="ObjectCodeGenerator/ObjectCodeGeneratorFactory.cpp" />
		<Unit filename="ObjectCodeGenerator/ObjectCodeGeneratorFactory.h" />
		<Unit filename="ObjectCodeGenerator/SimpleDirectiveObjectCodeGenerator.cpp" />
		<Unit filename="ObjectCodeGenerator/SimpleDirectiveObjectCodeGenerator.h" />
		<Unit filename="OperandHandlerState.cpp" />
		<Unit filename="OperandHandlerState.h" />
		<Unit filename="OperationCodeTable.cpp" />
		<Unit filename="OperationCodeTable.h" />
		<Unit filename="README.md" />
		<Unit filename="State-Diagram.png" />
		<Unit filename="StateHandler.cpp" />
		<Unit filename="StateHandler.h" />
		<Unit filename="StatementParser.cpp" />
		<Unit filename="StatementParser.h" />
		<Unit filename="SymbolTable.cpp" />
		<Unit filename="SymbolTable.h" />
		<Unit filename="assembler.cbp" />
		<Unit filename="assembler.depend" />
		<Unit filename="assembler.layout" />
		<Unit filename="main.cpp" />
		<Unit filename="opCodeTable.txt" />
		<Extensions>
			<code_completion />
			<envvars />
			<debugger />
		</Extensions>
	</Project>
</CodeBlocks_project_file>
